PODS:
  - AEXML (4.0.1)
  - Alamofire (4.3.0)
  - RTWebService (0.1.0):
    - AEXML (~> 4.0)
    - Alamofire (~> 4.3)

DEPENDENCIES:
  - RTWebService (from `../`)

EXTERNAL SOURCES:
  RTWebService:
    :path: ../

SPEC CHECKSUMS:
  AEXML: 905e50474c0a261d335aa8be4ee32d22d69b6fd5
  Alamofire: 856a113053a7bc9cbe5d6367a555d773fc5cfef7
  RTWebService: 82e533dde12408c72d34e414e34792230194ced2

PODFILE CHECKSUM: 51ae79bf3db01e2cd5e5288e45d0dfd346638fef

COCOAPODS: 1.1.1
